// !$*UTF8*$!
{
	archiveVersion = 1;
	classes = {
	};
	objectVersion = 46;
	objects = {

/* Begin PBXBuildFile section */
		7CBCD1CD1C3AC68C00127B05 /* AppDelegate.m in Sources */ = {isa = PBXBuildFile; fileRef = 7CBCD1CC1C3AC68C00127B05 /* AppDelegate.m */; };
		7CBCD1D01C3AC68C00127B05 /* main.m in Sources */ = {isa = PBXBuildFile; fileRef = 7CBCD1CF1C3AC68C00127B05 /* main.m */; };
		7CBCD1D21C3AC68C00127B05 /* Assets.xcassets in Resources */ = {isa = PBXBuildFile; fileRef = 7CBCD1D11C3AC68C00127B05 /* Assets.xcassets */; };
		7CBCD1D51C3AC68C00127B05 /* MainMenu.xib in Resources */ = {isa = PBXBuildFile; fileRef = 7CBCD1D31C3AC68C00127B05 /* MainMenu.xib */; };
/* End PBXBuildFile section */

/* Begin PBXFileReference section */
		7CBCD1C81C3AC68C00127B05 /* HeyloWorld.app */ = {isa = PBXFileReference; explicitFileType = wrapper.application; includeInIndex = 0; path = HeyloWorld.app; sourceTree = BUILT_PRODUCTS_DIR; };
		7CBCD1CB1C3AC68C00127B05 /* AppDelegate.h */ = {isa = PBXFileReference; lastKnownFileType = sourcecode.c.h; path = AppDelegate.h; sourceTree = "<group>"; };
		7CBCD1CC1C3AC68C00127B05 /* AppDelegate.m */ = {isa = PBXFileReference; lastKnownFileType = sourcecode.c.objc; path = AppDelegate.m; sourceTree = "<group>"; };
		7CBCD1CF1C3AC68C00127B05 /* main.m */ = {isa = PBXFileReference; lastKnownFileType = sourcecode.c.objc; path = main.m; sourceTree = "<group>"; };
		7CBCD1D11C3AC68C00127B05 /* Assets.xcassets */ = {isa = PBXFileReference; lastKnownFileType = folder.assetcatalog; path = Assets.xcassets; sourceTree = "<group>"; };
		7CBCD1D41C3AC68C00127B05 /* Base */ = {isa = PBXFileReference; lastKnownFileType = file.xib; name = Base; path = Base.lproj/MainMenu.xib; sourceTree = "<group>"; };
		7CBCD1D61C3AC68C00127B05 /* Info.plist */ = {isa = PBXFileReference; lastKnownFileType = text.plist.xml; path = Info.plist; sourceTree = "<group>"; };
/* End PBXFileReference section */

/* Begin PBXFrameworksBuildPhase section */
		7CBCD1C51C3AC68C00127B05 /* Frameworks */ = {
			isa = PBXFrameworksBuildPhase;
			buildActionMask = 2147483647;
			files = (
			);
			runOnlyForDeploymentPostprocessing = 0;
		};
/* End PBXFrameworksBuildPhase section */

/* Begin PBXGroup section */
		7CBCD1BF1C3AC68C00127B05 = {
			isa = PBXGroup;
			children = (
				7CBCD1CA1C3AC68C00127B05 /* HeyloWorld */,
				7CBCD1C91C3AC68C00127B05 /* Products */,
			);
			sourceTree = "<group>";
		};
		7CBCD1C91C3AC68C00127B05 /* Products */ = {
			isa = PBXGroup;
			children = (
				7CBCD1C81C3AC68C00127B05 /* HeyloWorld.app */,
			);
			name = Products;
			sourceTree = "<group>";
		};
		7CBCD1CA1C3AC68C00127B05 /* HeyloWorld */ = {
			isa = PBXGroup;
			children = (
				7CBCD1CB1C3AC68C00127B05 /* AppDelegate.h */,
				7CBCD1CC1C3AC68C00127B05 /* AppDelegate.m */,
				7CBCD1D11C3AC68C00127B05 /* Assets.xcassets */,
				7CBCD1D31C3AC68C00127B05 /* MainMenu.xib */,
				7CBCD1D61C3AC68C00127B05 /* Info.plist */,
				7CBCD1CE1C3AC68C00127B05 /* Supporting Files */,
			);
			path = HeyloWorld;
			sourceTree = "<group>";
		};
		7CBCD1CE1C3AC68C00127B05 /* Supporting Files */ = {
			isa = PBXGroup;
			children = (
				7CBCD1CF1C3AC68C00127B05 /* main.m */,
			);
			name = "Supporting Files";
			sourceTree = "<group>";
		};
/* End PBXGroup section */

/* Begin PBXNativeTarget section */
		7CBCD1C71C3AC68C00127B05 /* HeyloWorld */ = {
			isa = PBXNativeTarget;
			buildConfigurationList = 7CBCD1D91C3AC68C00127B05 /* Build configuration list for PBXNativeTarget "HeyloWorld" */;
			buildPhases = (
				7CBCD1C41C3AC68C00127B05 /* Sources */,
				7CBCD1C51C3AC68C00127B05 /* Frameworks */,
				7CBCD1C61C3AC68C00127B05 /* Resources */,
			);
			buildRules = (
			);
			dependencies = (
			);
			name = HeyloWorld;
			productName = HeyloWorld;
			productReference = 7CBCD1C81C3AC68C00127B05 /* HeyloWorld.app */;
			productType = "com.apple.product-type.application";
		};
/* End PBXNativeTarget section */

/* Begin PBXProject section */
		7CBCD1C01C3AC68C00127B05 /* Project object */ = {
			isa = PBXProject;
			attributes = {
				LastUpgradeCheck = 0720;
				ORGANIZATIONNAME = "Giving Tree";
				TargetAttributes = {
					7CBCD1C71C3AC68C00127B05 = {
						CreatedOnToolsVersion = 7.2;
					};
				};
			};
			buildConfigurationList = 7CBCD1C31C3AC68C00127B05 /* Build configuration list for PBXProject "HeyloWorld" */;
			compatibilityVersion = "Xcode 3.2";
			developmentRegion = English;
			hasScannedForEncodings = 0;
			knownRegions = (
				en,
				Base,
			);
			mainGroup = 7CBCD1BF1C3AC68C00127B05;
			productRefGroup = 7CBCD1C91C3AC68C00127B05 /* Products */;
			projectDirPath = "";
			projectRoot = "";
			targets = (
				7CBCD1C71C3AC68C00127B05 /* HeyloWorld */,
			);
		};
/* End PBXProject section */

/* Begin PBXResourcesBuildPhase section */
		7CBCD1C61C3AC68C00127B05 /* Resources */ = {
			isa = PBXResourcesBuildPhase;
			buildActionMask = 2147483647;
			files = (
				7CBCD1D21C3AC68C00127B05 /* Assets.xcassets in Resources */,
				7CBCD1D51C3AC68C00127B05 /* MainMenu.xib in Resources */,
			);
			runOnlyForDeploymentPostprocessing = 0;
		};
/* End PBXResourcesBuildPhase section */

/* Begin PBXSourcesBuildPhase section */
		7CBCD1C41C3AC68C00127B05 /* Sources */ = {
			isa = PBXSourcesBuildPhase;
			buildActionMask = 2147483647;
			files = (
				7CBCD1D01C3AC68C00127B05 /* main.m in Sources */,
				7CBCD1CD1C3AC68C00127B05 /* AppDelegate.m in Sources */,
			);
			runOnlyForDeploymentPostprocessing = 0;
		};
/* End PBXSourcesBuildPhase section */

/* Begin PBXVariantGroup section */
		7CBCD1D31C3AC68C00127B05 /* MainMenu.xib */ = {
			isa = PBXVariantGroup;
			children = (
				7CBCD1D41C3AC68C00127B05 /* Base */,
			);
			name = MainMenu.xib;
			sourceTree = "<group>";
		};
/* End PBXVariantGroup section */

/* Begin XCBuildConfiguration section */
		7CBCD1D71C3AC68C00127B05 /* Debug */ = {
			isa = XCBuildConfiguration;
			buildSettings = {
				ALWAYS_SEARCH_USER_PATHS = NO;
				CLANG_CXX_LANGUAGE_STANDARD = "gnu++0x";
				CLANG_CXX_LIBRARY = "libc++";
				CLANG_ENABLE_MODULES = YES;
				CLANG_ENABLE_OBJC_ARC = YES;
				CLANG_WARN_BOOL_CONVERSION = YES;
				CLANG_WARN_CONSTANT_CONVERSION = YES;
				CLANG_WARN_DIRECT_OBJC_ISA_USAGE = YES_ERROR;
				CLANG_WARN_EMPTY_BODY = YES;
				CLANG_WARN_ENUM_CONVERSION = YES;
				CLANG_WARN_INT_CONVERSION = YES;
				CLANG_WARN_OBJC_ROOT_CLASS = YES_ERROR;
				CLANG_WARN_UNREACHABLE_CODE = YES;
				CLANG_WARN__DUPLICATE_METHOD_MATCH = YES;
				CODE_SIGN_IDENTITY = "-";
				COPY_PHASE_STRIP = NO;
				DEBUG_INFORMATION_FORMAT = dwarf;
				ENABLE_STRICT_OBJC_MSGSEND = YES;
				ENABLE_TESTABILITY = YES;
				GCC_C_LANGUAGE_STANDARD = gnu99;
				GCC_DYNAMIC_NO_PIC = NO;
				GCC_NO_COMMON_BLOCKS = YES;
				GCC_OPTIMIZATION_LEVEL = 0;
				GCC_PREPROCESSOR_DEFINITIONS = (
					"DEBUG=1",
					"$(inherited)",
				);
				GCC_WARN_64_TO_32_BIT_CONVERSION = YES;
				GCC_WARN_ABOUT_RETURN_TYPE = YES_ERROR;
				GCC_WARN_UNDECLARED_SELECTOR = YES;
				GCC_WARN_UNINITIALIZED_AUTOS = YES_AGGRESSIVE;
				GCC_WARN_UNUSED_FUNCTION = YES;
				GCC_WARN_UNUSED_VARIABLE = YES;
				MACOSX_DEPLOYMENT_TARGET = 10.11;
				MTL_ENABLE_DEBUG_INFO = YES;
				ONLY_ACTIVE_ARCH = YES;
				SDKROOT = macosx;
			};
			name = Debug;
		};
		7CBCD1D81C3AC68C00127B05 /* Release */ = {
			isa = XCBuildConfiguration;
			buildSettings = {
				ALWAYS_SEARCH_USER_PATHS = NO;
				CLANG_CXX_LANGUAGE_STANDARD = "gnu++0x";
				CLANG_CXX_LIBRARY = "libc++";
				CLANG_ENABLE_MODULES = YES;
				CLANG_ENABLE_OBJC_ARC = YES;
				CLANG_WARN_BOOL_CONVERSION = YES;
				CLANG_WARN_CONSTANT_CONVERSION = YES;
				CLANG_WARN_DIRECT_OBJC_ISA_USAGE = YES_ERROR;
				CLANG_WARN_EMPTY_BODY = YES;
				CLANG_WARN_ENUM_CONVERSION = YES;
				CLANG_WARN_INT_CONVERSION = YES;
				CLANG_WARN_OBJC_ROOT_CLASS = YES_ERROR;
				CLANG_WARN_UNREACHABLE_CODE = YES;
				CLANG_WARN__DUPLICATE_METHOD_MATCH = YES;
				CODE_SIGN_IDENTITY = "-";
				COPY_PHASE_STRIP = NO;
				DEBUG_INFORMATION_FORMAT = "dwarf-with-dsym";
				ENABLE_NS_ASSERTIONS = NO;
				ENABLE_STRICT_OBJC_MSGSEND = YES;
				GCC_C_LANGUAGE_STANDARD = gnu99;
				GCC_NO_COMMON_BLOCKS = YES;
				GCC_WARN_64_TO_32_BIT_CONVERSION = YES;
				GCC_WARN_ABOUT_RETURN_TYPE = YES_ERROR;
				GCC_WARN_UNDECLARED_SELECTOR = YES;
				GCC_WARN_UNINITIALIZED_AUTOS = YES_AGGRESSIVE;
				GCC_WARN_UNUSED_FUNCTION = YES;
				GCC_WARN_UNUSED_VARIABLE = YES;
				MACOSX_DEPLOYMENT_TARGET = 10.11;
				MTL_ENABLE_DEBUG_INFO = NO;
				SDKROOT = macosx;
			};
			name = Release;
		};
		7CBCD1DA1C3AC68C00127B05 /* Debug */ = {
			isa = XCBuildConfiguration;
			buildSettings = {
				ASSETCATALOG_COMPILER_APPICON_NAME = AppIcon;
				COMBINE_HIDPI_IMAGES = YES;
				INFOPLIST_FILE = HeyloWorld/Info.plist;
				LD_RUNPATH_SEARCH_PATHS = "$(inherited) @executable_path/../Frameworks";
				PRODUCT_BUNDLE_IDENTIFIER = com.GivingTree.HeyloWorld;
				PRODUCT_NAME = "$(TARGET_NAME)";
			};
			name = Debug;
		};
		7CBCD1DB1C3AC68C00127B05 /* Release */ = {
			isa = XCBuildConfiguration;
			buildSettings = {
				ASSETCATALOG_COMPILER_APPICON_NAME = AppIcon;
				COMBINE_HIDPI_IMAGES = YES;
				INFOPLIST_FILE = HeyloWorld/Info.plist;
				LD_RUNPATH_SEARCH_PATHS = "$(inherited) @executable_path/../Frameworks";
				PRODUCT_BUNDLE_IDENTIFIER = com.GivingTree.HeyloWorld;
				PRODUCT_NAME = "$(TARGET_NAME)";
			};
			name = Release;
		};
/* End XCBuildConfiguration section */

/* Begin XCConfigurationList section */
		7CBCD1C31C3AC68C00127B05 /* Build configuration list for PBXProject "HeyloWorld" */ = {
			isa = XCConfigurationList;
			buildConfigurations = (
				7CBCD1D71C3AC68C00127B05 /* Debug */,
				7CBCD1D81C3AC68C00127B05 /* Release */,
			);
			defaultConfigurationIsVisible = 0;
			defaultConfigurationName = Release;
		};
		7CBCD1D91C3AC68C00127B05 /* Build configuration list for PBXNativeTarget "HeyloWorld" */ = {
			isa = XCConfigurationList;
			buildConfigurations = (
				7CBCD1DA1C3AC68C00127B05 /* Debug */,
				7CBCD1DB1C3AC68C00127B05 /* Release */,
			);
			defaultConfigurationIsVisible = 0;
		};
/* End XCConfigurationList section */
	};
	rootObject = 7CBCD1C01C3AC68C00127B05 /* Project object */;
}
